github.com/Azure/azure-sdk-for-go/sdk/azcore v1.13.0 h1:GJHeeA2N7xrG3q30L2UXDyuWRzDM900/65j70wcM4Ww=
github.com/Azure/azure-sdk-for-go/sdk/azcore v1.13.0/go.mod h1:l38EPgmsp71HHLq9j7De57JcKOWPyhrsW1Awm1JS6K0=
github.com/Azure/azure-sdk-for-go/sdk/internal v1.10.0 h1:ywEEhmNahHBihViHepv3xPBn1663uRv2t2q/ESv9seY=
github.com/Azure/azure-sdk-for-go/sdk/internal v1.10.0/go.mod h1:iZDifYGJTIgIIkYRNWPENUnqx6bJ2xnSDFI2tjwZNuY=
github.com/Azure/azure-sdk-for-go/sdk/messaging/azservicebus v1.7.3 h1:LdVbGn5dRAr7ypENaGiigQg/uCjnbY2TYdZNK6cyyoI=
github.com/Azure/azure-sdk-for-go/sdk/messaging/azservicebus v1.7.3/go.mod h1:0//khemTpeLHXCTNR/FDZ7LvJFIbW9HgFspljDTmz20=
github.com/Azure/go-amqp v1.1.0 h1:XUhx5f4lZFVf6LQc5kBUFECW0iJW9VLxKCYrBeGwl0U=
github.com/Azure/go-amqp v1.1.0/go.mod h1:vZAogwdrkbyK3Mla8m/CxSc/aKdnTZ4IbPxl51Y5WZE=
github.com/google/uuid v1.6.0 h1:NIvaJDMOsjHA8n1jAhLSgzrAzy1Hgr+hNrb57e+94F0=
github.com/google/uuid v1.6.0/go.mod h1:TIyPZe4MgqvfeYDBFedMoGGpEw/LqOeaOT+nhxU+yHo=
golang.org/x/net v0.27.0 h1:5K3Njcw06/l2y9vpGCSdcxWOYHOUk3dVNGDXN+FvAys=
golang.org/x/net v0.27.0/go.mod h1:dDi0PyhWNoiUOrAS8uXv/vnScO4wnHQO4mj9fn/RytE=
golang.org/x/text v0.16.0 h1:a94ExnEXNtEwYLGJSIUxnWoxoRz/ZcCsV63ROupILh4=
golang.org/x/text v0.16.0/go.mod h1:GhwF1Be+LQoKShO3cGOHzqOgRrGaYc9AvblQOmPVHnI=
